
Microsoft Visual Studio Solution File, Format Version 12.00
# Visual Studio Version 16
VisualStudioVersion = 16.0.30611.23
MinimumVisualStudioVersion = 10.0.40219.1
Project("{FAE04EC0-301F-11D3-BF4B-00C04F79EFBC}") = "ServA", "ServA\ServA.csproj", "{2DB1C303-0D68-4B52-857C-E6FC6D4FAC20}"
EndProject
Global
	GlobalSection(SolutionConfigurationPlatforms) = preSolution
		Debug|Any CPU = Debug|Any CPU
		Release|Any CPU = Release|Any CPU
	EndGlobalSection
	GlobalSection(ProjectConfigurationPlatforms) = postSolution
		{2DB1C303-0D68-4B52-857C-E6FC6D4FAC20}.Debug|Any CPU.ActiveCfg = Debug|Any CPU
		{2DB1C303-0D68-4B52-857C-E6FC6D4FAC20}.Debug|Any CPU.Build.0 = Debug|Any CPU
		{2DB1C303-0D68-4B52-857C-E6FC6D4FAC20}.Release|Any CPU.ActiveCfg = Release|Any CPU
		{2DB1C303-0D68-4B52-857C-E6FC6D4FAC20}.Release|Any CPU.Build.0 = Release|Any CPU
	EndGlobalSection
	GlobalSection(SolutionProperties) = preSolution
		HideSolutionNode = FALSE
	EndGlobalSection
	GlobalSection(ExtensibilityGlobals) = postSolution
		SolutionGuid = {C9376A87-5A57-4429-8843-C027CA8919FC}
	EndGlobalSection
EndGlobal
